
Microsoft Visual Studio Solution File, Format Version 12.00
Project("{FAE04EC0-301F-11D3-BF4B-00C04F79EFBC}") = "Client app", "Client app\Client app.csproj", "{F1E436FE-F7B1-488A-A3A1-C0B6AB6BDB2E}"
EndProject
Project("{FAE04EC0-301F-11D3-BF4B-00C04F79EFBC}") = "Library", "Library\Library.csproj", "{F04949FE-7001-47CF-918D-7FCAD8682A55}"
EndProject
Global
	GlobalSection(SolutionConfigurationPlatforms) = preSolution
		Debug|Any CPU = Debug|Any CPU
		Release|Any CPU = Release|Any CPU
	EndGlobalSection
	GlobalSection(ProjectConfigurationPlatforms) = postSolution
		{F1E436FE-F7B1-488A-A3A1-C0B6AB6BDB2E}.Debug|Any CPU.ActiveCfg = Debug|Any CPU
		{F1E436FE-F7B1-488A-A3A1-C0B6AB6BDB2E}.Debug|Any CPU.Build.0 = Debug|Any CPU
		{F1E436FE-F7B1-488A-A3A1-C0B6AB6BDB2E}.Release|Any CPU.ActiveCfg = Release|Any CPU
		{F1E436FE-F7B1-488A-A3A1-C0B6AB6BDB2E}.Release|Any CPU.Build.0 = Release|Any CPU
		{F04949FE-7001-47CF-918D-7FCAD8682A55}.Debug|Any CPU.ActiveCfg = Debug|Any CPU
		{F04949FE-7001-47CF-918D-7FCAD8682A55}.Debug|Any CPU.Build.0 = Debug|Any CPU
		{F04949FE-7001-47CF-918D-7FCAD8682A55}.Release|Any CPU.ActiveCfg = Release|Any CPU
		{F04949FE-7001-47CF-918D-7FCAD8682A55}.Release|Any CPU.Build.0 = Release|Any CPU
	EndGlobalSection
EndGlobal
